// !$*UTF8*$!
{
	archiveVersion = 1;
	classes = {
	};
	objectVersion = 56;
	objects = {

/* Begin PBXBuildFile section */
		4A05661029B4416900CE5F30 /* wrong.json in Resources */ = {isa = PBXBuildFile; fileRef = 4A05660F29B4416900CE5F30 /* wrong.json */; };
		4A331C2029B2ED890026C570 /* CompilerAPiCallApp.swift in Sources */ = {isa = PBXBuildFile; fileRef = 4A331C1F29B2ED890026C570 /* CompilerAPiCallApp.swift */; };
		4A331C2229B2ED890026C570 /* ContentView.swift in Sources */ = {isa = PBXBuildFile; fileRef = 4A331C2129B2ED890026C570 /* ContentView.swift */; };
		4A331C2429B2ED8A0026C570 /* Assets.xcassets in Resources */ = {isa = PBXBuildFile; fileRef = 4A331C2329B2ED8A0026C570 /* Assets.xcassets */; };
		4A331C2729B2ED8A0026C570 /* Preview Assets.xcassets in Resources */ = {isa = PBXBuildFile; fileRef = 4A331C2629B2ED8A0026C570 /* Preview Assets.xcassets */; };
		4A53B8F729FB29A30097C3A9 /* congratulations.json in Resources */ = {isa = PBXBuildFile; fileRef = 4A53B8F629FB29A30097C3A9 /* congratulations.json */; };
		4ACC25DB29B426D8009EC2A1 /* LottieView.swift in Sources */ = {isa = PBXBuildFile; fileRef = 4ACC25DA29B426D8009EC2A1 /* LottieView.swift */; };
		4ACC25DE29B42720009EC2A1 /* Lottie in Frameworks */ = {isa = PBXBuildFile; productRef = 4ACC25DD29B42720009EC2A1 /* Lottie */; };
		4ACC25E029B42731009EC2A1 /* bear.json in Resources */ = {isa = PBXBuildFile; fileRef = 4ACC25DF29B42731009EC2A1 /* bear.json */; };
/* End PBXBuildFile section */

/* Begin PBXFileReference section */
		4A05660F29B4416900CE5F30 /* wrong.json */ = {isa = PBXFileReference; fileEncoding = 4; lastKnownFileType = text.json; path = wrong.json; sourceTree = "<group>"; };
		4A331C1C29B2ED890026C570 /* CompilerAPiCall.app */ = {isa = PBXFileReference; explicitFileType = wrapper.application; includeInIndex = 0; path = CompilerAPiCall.app; sourceTree = BUILT_PRODUCTS_DIR; };
		4A331C1F29B2ED890026C570 /* CompilerAPiCallApp.swift */ = {isa = PBXFileReference; lastKnownFileType = sourcecode.swift; path = CompilerAPiCallApp.swift; sourceTree = "<group>"; };
		4A331C2129B2ED890026C570 /* ContentView.swift */ = {isa = PBXFileReference; lastKnownFileType = sourcecode.swift; path = ContentView.swift; sourceTree = "<group>"; };
		4A331C2329B2ED8A0026C570 /* Assets.xcassets */ = {isa = PBXFileReference; lastKnownFileType = folder.assetcatalog; path = Assets.xcassets; sourceTree = "<group>"; };
		4A331C2629B2ED8A0026C570 /* Preview Assets.xcassets */ = {isa = PBXFileReference; lastKnownFileType = folder.assetcatalog; path = "Preview Assets.xcassets"; sourceTree = "<group>"; };
		4A53B8F629FB29A30097C3A9 /* congratulations.json */ = {isa = PBXFileReference; fileEncoding = 4; lastKnownFileType = text.json; path = congratulations.json; sourceTree = "<group>"; };
		4ACC25DA29B426D8009EC2A1 /* LottieView.swift */ = {isa = PBXFileReference; lastKnownFileType = sourcecode.swift; path = LottieView.swift; sourceTree = "<group>"; };
		4ACC25DF29B42731009EC2A1 /* bear.json */ = {isa = PBXFileReference; fileEncoding = 4; lastKnownFileType = text.json; path = bear.json; sourceTree = "<group>"; };
/* End PBXFileReference section */

/* Begin PBXFrameworksBuildPhase section */
		4A331C1929B2ED890026C570 /* Frameworks */ = {
			isa = PBXFrameworksBuildPhase;
			buildActionMask = 2147483647;
			files = (
				4ACC25DE29B42720009EC2A1 /* Lottie in Frameworks */,
			);
			runOnlyForDeploymentPostprocessing = 0;
		};
/* End PBXFrameworksBuildPhase section */

/* Begin PBXGroup section */
		4A331C1329B2ED890026C570 = {
			isa = PBXGroup;
			children = (
				4A331C1E29B2ED890026C570 /* CompilerAPiCall */,
				4A331C1D29B2ED890026C570 /* Products */,
			);
			sourceTree = "<group>";
		};
		4A331C1D29B2ED890026C570 /* Products */ = {
			isa = PBXGroup;
			children = (
				4A331C1C29B2ED890026C570 /* CompilerAPiCall.app */,
			);
			name = Products;
			sourceTree = "<group>";
		};
		4A331C1E29B2ED890026C570 /* CompilerAPiCall */ = {
			isa = PBXGroup;
			children = (
				4A331C1F29B2ED890026C570 /* CompilerAPiCallApp.swift */,
				4A331C2129B2ED890026C570 /* ContentView.swift */,
				4ACC25DA29B426D8009EC2A1 /* LottieView.swift */,
				4ACC25DF29B42731009EC2A1 /* bear.json */,
				4A05660F29B4416900CE5F30 /* wrong.json */,
				4A53B8F629FB29A30097C3A9 /* congratulations.json */,
				4A331C2329B2ED8A0026C570 /* Assets.xcassets */,
				4A331C2529B2ED8A0026C570 /* Preview Content */,
			);
			path = CompilerAPiCall;
			sourceTree = "<group>";
		};
		4A331C2529B2ED8A0026C570 /* Preview Content */ = {
			isa = PBXGroup;
			children = (
				4A331C2629B2ED8A0026C570 /* Preview Assets.xcassets */,
			);
			path = "Preview Content";
			sourceTree = "<group>";
		};
/* End PBXGroup section */

/* Begin PBXNativeTarget section */
		4A331C1B29B2ED890026C570 /* CompilerAPiCall */ = {
			isa = PBXNativeTarget;
			buildConfigurationList = 4A331C2A29B2ED8A0026C570 /* Build configuration list for PBXNativeTarget "CompilerAPiCall" */;
			buildPhases = (
				4A331C1829B2ED890026C570 /* Sources */,
				4A331C1929B2ED890026C570 /* Frameworks */,
				4A331C1A29B2ED890026C570 /* Resources */,
			);
			buildRules = (
			);
			dependencies = (
			);
			name = CompilerAPiCall;
			packageProductDependencies = (
				4ACC25DD29B42720009EC2A1 /* Lottie */,
			);
			productName = CompilerAPiCall;
			productReference = 4A331C1C29B2ED890026C570 /* CompilerAPiCall.app */;
			productType = "com.apple.product-type.application";
		};
/* End PBXNativeTarget section */

/* Begin PBXProject section */
		4A331C1429B2ED890026C570 /* Project object */ = {
			isa = PBXProject;
			attributes = {
				BuildIndependentTargetsInParallel = 1;
				LastSwiftUpdateCheck = 1420;
				LastUpgradeCheck = 1420;
				TargetAttributes = {
					4A331C1B29B2ED890026C570 = {
						CreatedOnToolsVersion = 14.2;
					};
				};
			};
			buildConfigurationList = 4A331C1729B2ED890026C570 /* Build configuration list for PBXProject "CompilerAPiCall" */;
			compatibilityVersion = "Xcode 14.0";
			developmentRegion = en;
			hasScannedForEncodings = 0;
			knownRegions = (
				en,
				Base,
			);
			mainGroup = 4A331C1329B2ED890026C570;
			packageReferences = (
				4ACC25DC29B42720009EC2A1 /* XCRemoteSwiftPackageReference "lottie-ios" */,
			);
			productRefGroup = 4A331C1D29B2ED890026C570 /* Products */;
			projectDirPath = "";
			projectRoot = "";
			targets = (
				4A331C1B29B2ED890026C570 /* CompilerAPiCall */,
			);
		};
/* End PBXProject section */

/* Begin PBXResourcesBuildPhase section */
		4A331C1A29B2ED890026C570 /* Resources */ = {
			isa = PBXResourcesBuildPhase;
			buildActionMask = 2147483647;
			files = (
				4ACC25E029B42731009EC2A1 /* bear.json in Resources */,
				4A53B8F729FB29A30097C3A9 /* congratulations.json in Resources */,
				4A331C2729B2ED8A0026C570 /* Preview Assets.xcassets in Resources */,
				4A331C2429B2ED8A0026C570 /* Assets.xcassets in Resources */,
				4A05661029B4416900CE5F30 /* wrong.json in Resources */,
			);
			runOnlyForDeploymentPostprocessing = 0;
		};
/* End PBXResourcesBuildPhase section */

/* Begin PBXSourcesBuildPhase section */
		4A331C1829B2ED890026C570 /* Sources */ = {
			isa = PBXSourcesBuildPhase;
			buildActionMask = 2147483647;
			files = (
				4A331C2229B2ED890026C570 /* ContentView.swift in Sources */,
				4A331C2029B2ED890026C570 /* CompilerAPiCallApp.swift in Sources */,
				4ACC25DB29B426D8009EC2A1 /* LottieView.swift in Sources */,
			);
			runOnlyForDeploymentPostprocessing = 0;
		};
/* End PBXSourcesBuildPhase section */

/* Begin XCBuildConfiguration section */
		4A331C2829B2ED8A0026C570 /* Debug */ = {
			isa = XCBuildConfiguration;
			buildSettings = {
				ALWAYS_SEARCH_USER_PATHS = NO;
				CLANG_ANALYZER_NONNULL = YES;
				CLANG_ANALYZER_NUMBER_OBJECT_CONVERSION = YES_AGGRESSIVE;
				CLANG_CXX_LANGUAGE_STANDARD = "gnu++20";
				CLANG_ENABLE_MODULES = YES;
				CLANG_ENABLE_OBJC_ARC = YES;
				CLANG_ENABLE_OBJC_WEAK = YES;
				CLANG_WARN_BLOCK_CAPTURE_AUTORELEASING = YES;
				CLANG_WARN_BOOL_CONVERSION = YES;
				CLANG_WARN_COMMA = YES;
				CLANG_WARN_CONSTANT_CONVERSION = YES;
				CLANG_WARN_DEPRECATED_OBJC_IMPLEMENTATIONS = YES;
				CLANG_WARN_DIRECT_OBJC_ISA_USAGE = YES_ERROR;
				CLANG_WARN_DOCUMENTATION_COMMENTS = YES;
				CLANG_WARN_EMPTY_BODY = YES;
				CLANG_WARN_ENUM_CONVERSION = YES;
				CLANG_WARN_INFINITE_RECURSION = YES;
				CLANG_WARN_INT_CONVERSION = YES;
				CLANG_WARN_NON_LITERAL_NULL_CONVERSION = YES;
				CLANG_WARN_OBJC_IMPLICIT_RETAIN_SELF = YES;
				CLANG_WARN_OBJC_LITERAL_CONVERSION = YES;
				CLANG_WARN_OBJC_ROOT_CLASS = YES_ERROR;
				CLANG_WARN_QUOTED_INCLUDE_IN_FRAMEWORK_HEADER = YES;
				CLANG_WARN_RANGE_LOOP_ANALYSIS = YES;
				CLANG_WARN_STRICT_PROTOTYPES = YES;
				CLANG_WARN_SUSPICIOUS_MOVE = YES;
				CLANG_WARN_UNGUARDED_AVAILABILITY = YES_AGGRESSIVE;
				CLANG_WARN_UNREACHABLE_CODE = YES;
				CLANG_WARN__DUPLICATE_METHOD_MATCH = YES;
				COPY_PHASE_STRIP = NO;
				DEBUG_INFORMATION_FORMAT = dwarf;
				ENABLE_STRICT_OBJC_MSGSEND = YES;
				ENABLE_TESTABILITY = YES;
				GCC_C_LANGUAGE_STANDARD = gnu11;
				GCC_DYNAMIC_NO_PIC = NO;
				GCC_NO_COMMON_BLOCKS = YES;
				GCC_OPTIMIZATION_LEVEL = 0;
				GCC_PREPROCESSOR_DEFINITIONS = (
					"DEBUG=1",
					"$(inherited)",
				);
				GCC_WARN_64_TO_32_BIT_CONVERSION = YES;
				GCC_WARN_ABOUT_RETURN_TYPE = YES_ERROR;
				GCC_WARN_UNDECLARED_SELECTOR = YES;
				GCC_WARN_UNINITIALIZED_AUTOS = YES_AGGRESSIVE;
				GCC_WARN_UNUSED_FUNCTION = YES;
				GCC_WARN_UNUSED_VARIABLE = YES;
				IPHONEOS_DEPLOYMENT_TARGET = 16.2;
				MTL_ENABLE_DEBUG_INFO = INCLUDE_SOURCE;
				MTL_FAST_MATH = YES;
				ONLY_ACTIVE_ARCH = YES;
				SDKROOT = iphoneos;
				SWIFT_ACTIVE_COMPILATION_CONDITIONS = DEBUG;
				SWIFT_OPTIMIZATION_LEVEL = "-Onone";
			};
			name = Debug;
		};
		4A331C2929B2ED8A0026C570 /* Release */ = {
			isa = XCBuildConfiguration;
			buildSettings = {
				ALWAYS_SEARCH_USER_PATHS = NO;
				CLANG_ANALYZER_NONNULL = YES;
				CLANG_ANALYZER_NUMBER_OBJECT_CONVERSION = YES_AGGRESSIVE;
				CLANG_CXX_LANGUAGE_STANDARD = "gnu++20";
				CLANG_ENABLE_MODULES = YES;
				CLANG_ENABLE_OBJC_ARC = YES;
				CLANG_ENABLE_OBJC_WEAK = YES;
				CLANG_WARN_BLOCK_CAPTURE_AUTORELEASING = YES;
				CLANG_WARN_BOOL_CONVERSION = YES;
				CLANG_WARN_COMMA = YES;
				CLANG_WARN_CONSTANT_CONVERSION = YES;
				CLANG_WARN_DEPRECATED_OBJC_IMPLEMENTATIONS = YES;
				CLANG_WARN_DIRECT_OBJC_ISA_USAGE = YES_ERROR;
				CLANG_WARN_DOCUMENTATION_COMMENTS = YES;
				CLANG_WARN_EMPTY_BODY = YES;
				CLANG_WARN_ENUM_CONVERSION = YES;
				CLANG_WARN_INFINITE_RECURSION = YES;
				CLANG_WARN_INT_CONVERSION = YES;
				CLANG_WARN_NON_LITERAL_NULL_CONVERSION = YES;
				CLANG_WARN_OBJC_IMPLICIT_RETAIN_SELF = YES;
				CLANG_WARN_OBJC_LITERAL_CONVERSION = YES;
				CLANG_WARN_OBJC_ROOT_CLASS = YES_ERROR;
				CLANG_WARN_QUOTED_INCLUDE_IN_FRAMEWORK_HEADER = YES;
				CLANG_WARN_RANGE_LOOP_ANALYSIS = YES;
				CLANG_WARN_STRICT_PROTOTYPES = YES;
				CLANG_WARN_SUSPICIOUS_MOVE = YES;
				CLANG_WARN_UNGUARDED_AVAILABILITY = YES_AGGRESSIVE;
				CLANG_WARN_UNREACHABLE_CODE = YES;
				CLANG_WARN__DUPLICATE_METHOD_MATCH = YES;
				COPY_PHASE_STRIP = NO;
				DEBUG_INFORMATION_FORMAT = "dwarf-with-dsym";
				ENABLE_NS_ASSERTIONS = NO;
				ENABLE_STRICT_OBJC_MSGSEND = YES;
				GCC_C_LANGUAGE_STANDARD = gnu11;
				GCC_NO_COMMON_BLOCKS = YES;
				GCC_WARN_64_TO_32_BIT_CONVERSION = YES;
				GCC_WARN_ABOUT_RETURN_TYPE = YES_ERROR;
				GCC_WARN_UNDECLARED_SELECTOR = YES;
				GCC_WARN_UNINITIALIZED_AUTOS = YES_AGGRESSIVE;
				GCC_WARN_UNUSED_FUNCTION = YES;
				GCC_WARN_UNUSED_VARIABLE = YES;
				IPHONEOS_DEPLOYMENT_TARGET = 16.2;
				MTL_ENABLE_DEBUG_INFO = NO;
				MTL_FAST_MATH = YES;
				SDKROOT = iphoneos;
				SWIFT_COMPILATION_MODE = wholemodule;
				SWIFT_OPTIMIZATION_LEVEL = "-O";
				VALIDATE_PRODUCT = YES;
			};
			name = Release;
		};
		4A331C2B29B2ED8A0026C570 /* Debug */ = {
			isa = XCBuildConfiguration;
			buildSettings = {
				ASSETCATALOG_COMPILER_APPICON_NAME = AppIcon;
				ASSETCATALOG_COMPILER_GLOBAL_ACCENT_COLOR_NAME = AccentColor;
				CODE_SIGN_STYLE = Automatic;
				CURRENT_PROJECT_VERSION = 1;
				DEVELOPMENT_ASSET_PATHS = "\"CompilerAPiCall/Preview Content\"";
				DEVELOPMENT_TEAM = 96B293Z3Y9;
				ENABLE_PREVIEWS = YES;
				GENERATE_INFOPLIST_FILE = YES;
				INFOPLIST_KEY_UIApplicationSceneManifest_Generation = YES;
				INFOPLIST_KEY_UIApplicationSupportsIndirectInputEvents = YES;
				INFOPLIST_KEY_UILaunchScreen_Generation = YES;
				INFOPLIST_KEY_UISupportedInterfaceOrientations_iPad = "UIInterfaceOrientationPortrait UIInterfaceOrientationPortraitUpsideDown UIInterfaceOrientationLandscapeLeft UIInterfaceOrientationLandscapeRight";
				INFOPLIST_KEY_UISupportedInterfaceOrientations_iPhone = "UIInterfaceOrientationPortrait UIInterfaceOrientationLandscapeLeft UIInterfaceOrientationLandscapeRight";
				LD_RUNPATH_SEARCH_PATHS = (
					"$(inherited)",
					"@executable_path/Frameworks",
				);
				MARKETING_VERSION = 1.0;
				PRODUCT_BUNDLE_IDENTIFIER = mystic.CompilerAPiCall;
				PRODUCT_NAME = "$(TARGET_NAME)";
				SWIFT_EMIT_LOC_STRINGS = YES;
				SWIFT_VERSION = 5.0;
				TARGETED_DEVICE_FAMILY = "1,2";
			};
			name = Debug;
		};
		4A331C2C29B2ED8A0026C570 /* Release */ = {
			isa = XCBuildConfiguration;
			buildSettings = {
				ASSETCATALOG_COMPILER_APPICON_NAME = AppIcon;
				ASSETCATALOG_COMPILER_GLOBAL_ACCENT_COLOR_NAME = AccentColor;
				CODE_SIGN_STYLE = Automatic;
				CURRENT_PROJECT_VERSION = 1;
				DEVELOPMENT_ASSET_PATHS = "\"CompilerAPiCall/Preview Content\"";
				DEVELOPMENT_TEAM = 96B293Z3Y9;
				ENABLE_PREVIEWS = YES;
				GENERATE_INFOPLIST_FILE = YES;
				INFOPLIST_KEY_UIApplicationSceneManifest_Generation = YES;
				INFOPLIST_KEY_UIApplicationSupportsIndirectInputEvents = YES;
				INFOPLIST_KEY_UILaunchScreen_Generation = YES;
				INFOPLIST_KEY_UISupportedInterfaceOrientations_iPad = "UIInterfaceOrientationPortrait UIInterfaceOrientationPortraitUpsideDown UIInterfaceOrientationLandscapeLeft UIInterfaceOrientationLandscapeRight";
				INFOPLIST_KEY_UISupportedInterfaceOrientations_iPhone = "UIInterfaceOrientationPortrait UIInterfaceOrientationLandscapeLeft UIInterfaceOrientationLandscapeRight";
				LD_RUNPATH_SEARCH_PATHS = (
					"$(inherited)",
					"@executable_path/Frameworks",
				);
				MARKETING_VERSION = 1.0;
				PRODUCT_BUNDLE_IDENTIFIER = mystic.CompilerAPiCall;
				PRODUCT_NAME = "$(TARGET_NAME)";
				SWIFT_EMIT_LOC_STRINGS = YES;
				SWIFT_VERSION = 5.0;
				TARGETED_DEVICE_FAMILY = "1,2";
			};
			name = Release;
		};
/* End XCBuildConfiguration section */

/* Begin XCConfigurationList section */
		4A331C1729B2ED890026C570 /* Build configuration list for PBXProject "CompilerAPiCall" */ = {
			isa = XCConfigurationList;
			buildConfigurations = (
				4A331C2829B2ED8A0026C570 /* Debug */,
				4A331C2929B2ED8A0026C570 /* Release */,
			);
			defaultConfigurationIsVisible = 0;
			defaultConfigurationName = Release;
		};
		4A331C2A29B2ED8A0026C570 /* Build configuration list for PBXNativeTarget "CompilerAPiCall" */ = {
			isa = XCConfigurationList;
			buildConfigurations = (
				4A331C2B29B2ED8A0026C570 /* Debug */,
				4A331C2C29B2ED8A0026C570 /* Release */,
			);
			defaultConfigurationIsVisible = 0;
			defaultConfigurationName = Release;
		};
/* End XCConfigurationList section */

/* Begin XCRemoteSwiftPackageReference section */
		4ACC25DC29B42720009EC2A1 /* XCRemoteSwiftPackageReference "lottie-ios" */ = {
			isa = XCRemoteSwiftPackageReference;
			repositoryURL = "https://github.com/airbnb/lottie-ios.git";
			requirement = {
				kind = upToNextMajorVersion;
				minimumVersion = 4.0.0;
			};
		};
/* End XCRemoteSwiftPackageReference section */

/* Begin XCSwiftPackageProductDependency section */
		4ACC25DD29B42720009EC2A1 /* Lottie */ = {
			isa = XCSwiftPackageProductDependency;
			package = 4ACC25DC29B42720009EC2A1 /* XCRemoteSwiftPackageReference "lottie-ios" */;
			productName = Lottie;
		};
/* End XCSwiftPackageProductDependency section */
	};
	rootObject = 4A331C1429B2ED890026C570 /* Project object */;
}
